// !$*UTF8*$!
{
	archiveVersion = 1;
	classes = {
	};
	objectVersion = 56;
	objects = {

/* Begin PBXBuildFile section */
		2F122ACB2BAE64DC0082A487 /* PostCell.swift in Sources */ = {isa = PBXBuildFile; fileRef = 2F122ACA2BAE64DC0082A487 /* PostCell.swift */; };
		2F329DAC2BB0F12400673233 /* ContentViewModel.swift in Sources */ = {isa = PBXBuildFile; fileRef = 2F329DAB2BB0F12400673233 /* ContentViewModel.swift */; };
		2F329DAE2BB11AEA00673233 /* LFLoginViewModel.swift in Sources */ = {isa = PBXBuildFile; fileRef = 2F329DAD2BB11AEA00673233 /* LFLoginViewModel.swift */; };
		2FAA9ED62BAB437500855A47 /* LFApp.swift in Sources */ = {isa = PBXBuildFile; fileRef = 2FAA9ED52BAB437500855A47 /* LFApp.swift */; };
		2FAA9ED82BAB437500855A47 /* ContentView.swift in Sources */ = {isa = PBXBuildFile; fileRef = 2FAA9ED72BAB437500855A47 /* ContentView.swift */; };
		2FAA9EDA2BAB437600855A47 /* Assets.xcassets in Resources */ = {isa = PBXBuildFile; fileRef = 2FAA9ED92BAB437600855A47 /* Assets.xcassets */; };
		2FAA9EDD2BAB437600855A47 /* Preview Assets.xcassets in Resources */ = {isa = PBXBuildFile; fileRef = 2FAA9EDC2BAB437600855A47 /* Preview Assets.xcassets */; };
		2FAA9EE42BAB626B00855A47 /* LFTabView.swift in Sources */ = {isa = PBXBuildFile; fileRef = 2FAA9EE32BAB626B00855A47 /* LFTabView.swift */; };
		2FAA9EE62BAB62B700855A47 /* LFFeedView.swift in Sources */ = {isa = PBXBuildFile; fileRef = 2FAA9EE52BAB62B700855A47 /* LFFeedView.swift */; };
		2FAA9EE82BAB62CA00855A47 /* LFSearchView.swift in Sources */ = {isa = PBXBuildFile; fileRef = 2FAA9EE72BAB62CA00855A47 /* LFSearchView.swift */; };
		2FAA9EEA2BAB62E000855A47 /* LFCreatePostView.swift in Sources */ = {isa = PBXBuildFile; fileRef = 2FAA9EE92BAB62E000855A47 /* LFCreatePostView.swift */; };
		2FAA9EEC2BAB62F300855A47 /* LFActivityView.swift in Sources */ = {isa = PBXBuildFile; fileRef = 2FAA9EEB2BAB62F300855A47 /* LFActivityView.swift */; };
		2FAA9EEE2BAB62FF00855A47 /* LFCurrentUserProfileView.swift in Sources */ = {isa = PBXBuildFile; fileRef = 2FAA9EED2BAB62FF00855A47 /* LFCurrentUserProfileView.swift */; };
		2FAA9EF02BAB646000855A47 /* LFLoginView.swift in Sources */ = {isa = PBXBuildFile; fileRef = 2FAA9EEF2BAB646000855A47 /* LFLoginView.swift */; };
		2FAA9EF22BAB646E00855A47 /* LFRegistrationView.swift in Sources */ = {isa = PBXBuildFile; fileRef = 2FAA9EF12BAB646E00855A47 /* LFRegistrationView.swift */; };
		2FABBA892BAFC5D700871176 /* GoogleService-Info.plist in Resources */ = {isa = PBXBuildFile; fileRef = 2FABBA882BAFC5D700871176 /* GoogleService-Info.plist */; };
		2FABBA8C2BAFC6F500871176 /* FirebaseAuth in Frameworks */ = {isa = PBXBuildFile; productRef = 2FABBA8B2BAFC6F500871176 /* FirebaseAuth */; };
		2FABBA8E2BAFC6F500871176 /* FirebaseFirestore in Frameworks */ = {isa = PBXBuildFile; productRef = 2FABBA8D2BAFC6F500871176 /* FirebaseFirestore */; };
		2FABBA902BAFC6F500871176 /* FirebaseFirestoreSwift in Frameworks */ = {isa = PBXBuildFile; productRef = 2FABBA8F2BAFC6F500871176 /* FirebaseFirestoreSwift */; };
		2FABBA922BAFC6F500871176 /* FirebaseStorage in Frameworks */ = {isa = PBXBuildFile; productRef = 2FABBA912BAFC6F500871176 /* FirebaseStorage */; };
		2FABBA942BAFCBA500871176 /* LFRegistrationViewModel.swift in Sources */ = {isa = PBXBuildFile; fileRef = 2FABBA932BAFCBA500871176 /* LFRegistrationViewModel.swift */; };
		2FABBA982BAFCCE500871176 /* AuthService.swift in Sources */ = {isa = PBXBuildFile; fileRef = 2FABBA972BAFCCE500871176 /* AuthService.swift */; };
		2FABBA9B2BAFCDF500871176 /* User.swift in Sources */ = {isa = PBXBuildFile; fileRef = 2FABBA9A2BAFCDF500871176 /* User.swift */; };
		2FC6C2422BB23C7600F05B9C /* UserService.swift in Sources */ = {isa = PBXBuildFile; fileRef = 2FC6C2412BB23C7600F05B9C /* UserService.swift */; };
		2FC6C2442BB23EE600F05B9C /* LFCurrentUserProfileViewModel.swift in Sources */ = {isa = PBXBuildFile; fileRef = 2FC6C2432BB23EE600F05B9C /* LFCurrentUserProfileViewModel.swift */; };
		2FC6C2462BB267C800F05B9C /* UserCell.swift in Sources */ = {isa = PBXBuildFile; fileRef = 2FC6C2452BB267C800F05B9C /* UserCell.swift */; };
/* End PBXBuildFile section */

/* Begin PBXFileReference section */
		2F122ACA2BAE64DC0082A487 /* PostCell.swift */ = {isa = PBXFileReference; lastKnownFileType = sourcecode.swift; path = PostCell.swift; sourceTree = "<group>"; };
		2F329DAB2BB0F12400673233 /* ContentViewModel.swift */ = {isa = PBXFileReference; lastKnownFileType = sourcecode.swift; path = ContentViewModel.swift; sourceTree = "<group>"; };
		2F329DAD2BB11AEA00673233 /* LFLoginViewModel.swift */ = {isa = PBXFileReference; lastKnownFileType = sourcecode.swift; path = LFLoginViewModel.swift; sourceTree = "<group>"; };
		2FAA9ED22BAB437500855A47 /* LF_App.app */ = {isa = PBXFileReference; explicitFileType = wrapper.application; includeInIndex = 0; path = LF_App.app; sourceTree = BUILT_PRODUCTS_DIR; };
		2FAA9ED52BAB437500855A47 /* LFApp.swift */ = {isa = PBXFileReference; lastKnownFileType = sourcecode.swift; path = LFApp.swift; sourceTree = "<group>"; };
		2FAA9ED72BAB437500855A47 /* ContentView.swift */ = {isa = PBXFileReference; lastKnownFileType = sourcecode.swift; path = ContentView.swift; sourceTree = "<group>"; };
		2FAA9ED92BAB437600855A47 /* Assets.xcassets */ = {isa = PBXFileReference; lastKnownFileType = folder.assetcatalog; path = Assets.xcassets; sourceTree = "<group>"; };
		2FAA9EDC2BAB437600855A47 /* Preview Assets.xcassets */ = {isa = PBXFileReference; lastKnownFileType = folder.assetcatalog; path = "Preview Assets.xcassets"; sourceTree = "<group>"; };
		2FAA9EE32BAB626B00855A47 /* LFTabView.swift */ = {isa = PBXFileReference; lastKnownFileType = sourcecode.swift; path = LFTabView.swift; sourceTree = "<group>"; };
		2FAA9EE52BAB62B700855A47 /* LFFeedView.swift */ = {isa = PBXFileReference; lastKnownFileType = sourcecode.swift; path = LFFeedView.swift; sourceTree = "<group>"; };
		2FAA9EE72BAB62CA00855A47 /* LFSearchView.swift */ = {isa = PBXFileReference; lastKnownFileType = sourcecode.swift; path = LFSearchView.swift; sourceTree = "<group>"; };
		2FAA9EE92BAB62E000855A47 /* LFCreatePostView.swift */ = {isa = PBXFileReference; lastKnownFileType = sourcecode.swift; path = LFCreatePostView.swift; sourceTree = "<group>"; };
		2FAA9EEB2BAB62F300855A47 /* LFActivityView.swift */ = {isa = PBXFileReference; lastKnownFileType = sourcecode.swift; path = LFActivityView.swift; sourceTree = "<group>"; };
		2FAA9EED2BAB62FF00855A47 /* LFCurrentUserProfileView.swift */ = {isa = PBXFileReference; lastKnownFileType = sourcecode.swift; path = LFCurrentUserProfileView.swift; sourceTree = "<group>"; };
		2FAA9EEF2BAB646000855A47 /* LFLoginView.swift */ = {isa = PBXFileReference; lastKnownFileType = sourcecode.swift; path = LFLoginView.swift; sourceTree = "<group>"; };
		2FAA9EF12BAB646E00855A47 /* LFRegistrationView.swift */ = {isa = PBXFileReference; lastKnownFileType = sourcecode.swift; path = LFRegistrationView.swift; sourceTree = "<group>"; };
		2FABBA882BAFC5D700871176 /* GoogleService-Info.plist */ = {isa = PBXFileReference; fileEncoding = 4; lastKnownFileType = text.plist.xml; path = "GoogleService-Info.plist"; sourceTree = "<group>"; };
		2FABBA932BAFCBA500871176 /* LFRegistrationViewModel.swift */ = {isa = PBXFileReference; lastKnownFileType = sourcecode.swift; path = LFRegistrationViewModel.swift; sourceTree = "<group>"; };
		2FABBA972BAFCCE500871176 /* AuthService.swift */ = {isa = PBXFileReference; lastKnownFileType = sourcecode.swift; path = AuthService.swift; sourceTree = "<group>"; };
		2FABBA9A2BAFCDF500871176 /* User.swift */ = {isa = PBXFileReference; lastKnownFileType = sourcecode.swift; path = User.swift; sourceTree = "<group>"; };
		2FC6C2412BB23C7600F05B9C /* UserService.swift */ = {isa = PBXFileReference; lastKnownFileType = sourcecode.swift; path = UserService.swift; sourceTree = "<group>"; };
		2FC6C2432BB23EE600F05B9C /* LFCurrentUserProfileViewModel.swift */ = {isa = PBXFileReference; lastKnownFileType = sourcecode.swift; path = LFCurrentUserProfileViewModel.swift; sourceTree = "<group>"; };
		2FC6C2452BB267C800F05B9C /* UserCell.swift */ = {isa = PBXFileReference; lastKnownFileType = sourcecode.swift; path = UserCell.swift; sourceTree = "<group>"; };
/* End PBXFileReference section */

/* Begin PBXFrameworksBuildPhase section */
		2FAA9ECF2BAB437500855A47 /* Frameworks */ = {
			isa = PBXFrameworksBuildPhase;
			buildActionMask = 2147483647;
			files = (
				2FABBA8C2BAFC6F500871176 /* FirebaseAuth in Frameworks */,
				2FABBA922BAFC6F500871176 /* FirebaseStorage in Frameworks */,
				2FABBA8E2BAFC6F500871176 /* FirebaseFirestore in Frameworks */,
				2FABBA902BAFC6F500871176 /* FirebaseFirestoreSwift in Frameworks */,
			);
			runOnlyForDeploymentPostprocessing = 0;
		};
/* End PBXFrameworksBuildPhase section */

/* Begin PBXGroup section */
		2F329DA62BB0F0EB00673233 /* Core */ = {
			isa = PBXGroup;
			children = (
				2F329DA72BB0F0F000673233 /* Root */,
			);
			path = Core;
			sourceTree = "<group>";
		};
		2F329DA72BB0F0F000673233 /* Root */ = {
			isa = PBXGroup;
			children = (
				2F329DAA2BB0F10500673233 /* ViewModel */,
				2F329DA92BB0F10100673233 /* View */,
			);
			path = Root;
			sourceTree = "<group>";
		};
		2F329DA92BB0F10100673233 /* View */ = {
			isa = PBXGroup;
			children = (
				2FAA9ED72BAB437500855A47 /* ContentView.swift */,
			);
			path = View;
			sourceTree = "<group>";
		};
		2F329DAA2BB0F10500673233 /* ViewModel */ = {
			isa = PBXGroup;
			children = (
				2F329DAB2BB0F12400673233 /* ContentViewModel.swift */,
			);
			path = ViewModel;
			sourceTree = "<group>";
		};
		2FAA9EC92BAB437500855A47 = {
			isa = PBXGroup;
			children = (
				2FAA9ED42BAB437500855A47 /* LF */,
				2FAA9ED32BAB437500855A47 /* Products */,
			);
			sourceTree = "<group>";
		};
		2FAA9ED32BAB437500855A47 /* Products */ = {
			isa = PBXGroup;
			children = (
				2FAA9ED22BAB437500855A47 /* LF_App.app */,
			);
			name = Products;
			sourceTree = "<group>";
		};
		2FAA9ED42BAB437500855A47 /* LF */ = {
			isa = PBXGroup;
			children = (
				2F329DA62BB0F0EB00673233 /* Core */,
				2FABBA992BAFCDEE00871176 /* Model */,
				2FABBA952BAFCCD200871176 /* Authentication */,
				2F122ACA2BAE64DC0082A487 /* PostCell.swift */,
				2FC6C2452BB267C800F05B9C /* UserCell.swift */,
				2FAA9ED52BAB437500855A47 /* LFApp.swift */,
				2FAA9ED92BAB437600855A47 /* Assets.xcassets */,
				2FAA9EDB2BAB437600855A47 /* Preview Content */,
				2FAA9EE32BAB626B00855A47 /* LFTabView.swift */,
				2FAA9EE52BAB62B700855A47 /* LFFeedView.swift */,
				2FAA9EE72BAB62CA00855A47 /* LFSearchView.swift */,
				2FAA9EE92BAB62E000855A47 /* LFCreatePostView.swift */,
				2FAA9EEB2BAB62F300855A47 /* LFActivityView.swift */,
				2FAA9EED2BAB62FF00855A47 /* LFCurrentUserProfileView.swift */,
				2FAA9EEF2BAB646000855A47 /* LFLoginView.swift */,
				2F329DAD2BB11AEA00673233 /* LFLoginViewModel.swift */,
				2FAA9EF12BAB646E00855A47 /* LFRegistrationView.swift */,
				2FABBA882BAFC5D700871176 /* GoogleService-Info.plist */,
				2FABBA932BAFCBA500871176 /* LFRegistrationViewModel.swift */,
				2FC6C2412BB23C7600F05B9C /* UserService.swift */,
				2FC6C2432BB23EE600F05B9C /* LFCurrentUserProfileViewModel.swift */,
			);
			path = LF;
			sourceTree = "<group>";
		};
		2FAA9EDB2BAB437600855A47 /* Preview Content */ = {
			isa = PBXGroup;
			children = (
				2FAA9EDC2BAB437600855A47 /* Preview Assets.xcassets */,
			);
			path = "Preview Content";
			sourceTree = "<group>";
		};
		2FABBA952BAFCCD200871176 /* Authentication */ = {
			isa = PBXGroup;
			children = (
				2FABBA962BAFCCDC00871176 /* Service */,
			);
			path = Authentication;
			sourceTree = "<group>";
		};
		2FABBA962BAFCCDC00871176 /* Service */ = {
			isa = PBXGroup;
			children = (
				2FABBA972BAFCCE500871176 /* AuthService.swift */,
			);
			path = Service;
			sourceTree = "<group>";
		};
		2FABBA992BAFCDEE00871176 /* Model */ = {
			isa = PBXGroup;
			children = (
				2FABBA9A2BAFCDF500871176 /* User.swift */,
			);
			path = Model;
			sourceTree = "<group>";
		};
/* End PBXGroup section */

/* Begin PBXNativeTarget section */
		2FAA9ED12BAB437500855A47 /* LF_App */ = {
			isa = PBXNativeTarget;
			buildConfigurationList = 2FAA9EE02BAB437600855A47 /* Build configuration list for PBXNativeTarget "LF_App" */;
			buildPhases = (
				2FAA9ECE2BAB437500855A47 /* Sources */,
				2FAA9ECF2BAB437500855A47 /* Frameworks */,
				2FAA9ED02BAB437500855A47 /* Resources */,
			);
			buildRules = (
			);
			dependencies = (
			);
			name = LF_App;
			packageProductDependencies = (
				2FABBA8B2BAFC6F500871176 /* FirebaseAuth */,
				2FABBA8D2BAFC6F500871176 /* FirebaseFirestore */,
				2FABBA8F2BAFC6F500871176 /* FirebaseFirestoreSwift */,
				2FABBA912BAFC6F500871176 /* FirebaseStorage */,
			);
			productName = LF;
			productReference = 2FAA9ED22BAB437500855A47 /* LF_App.app */;
			productType = "com.apple.product-type.application";
		};
/* End PBXNativeTarget section */

/* Begin PBXProject section */
		2FAA9ECA2BAB437500855A47 /* Project object */ = {
			isa = PBXProject;
			attributes = {
				BuildIndependentTargetsInParallel = 1;
				LastSwiftUpdateCheck = 1520;
				LastUpgradeCheck = 1520;
				TargetAttributes = {
					2FAA9ED12BAB437500855A47 = {
						CreatedOnToolsVersion = 15.2;
					};
				};
			};
			buildConfigurationList = 2FAA9ECD2BAB437500855A47 /* Build configuration list for PBXProject "LF_App" */;
			compatibilityVersion = "Xcode 14.0";
			developmentRegion = en;
			hasScannedForEncodings = 0;
			knownRegions = (
				en,
				Base,
			);
			mainGroup = 2FAA9EC92BAB437500855A47;
			packageReferences = (
				2FABBA8A2BAFC6F500871176 /* XCRemoteSwiftPackageReference "firebase-ios-sdk" */,
			);
			productRefGroup = 2FAA9ED32BAB437500855A47 /* Products */;
			projectDirPath = "";
			projectRoot = "";
			targets = (
				2FAA9ED12BAB437500855A47 /* LF_App */,
			);
		};
/* End PBXProject section */

/* Begin PBXResourcesBuildPhase section */
		2FAA9ED02BAB437500855A47 /* Resources */ = {
			isa = PBXResourcesBuildPhase;
			buildActionMask = 2147483647;
			files = (
				2FAA9EDD2BAB437600855A47 /* Preview Assets.xcassets in Resources */,
				2FAA9EDA2BAB437600855A47 /* Assets.xcassets in Resources */,
				2FABBA892BAFC5D700871176 /* GoogleService-Info.plist in Resources */,
			);
			runOnlyForDeploymentPostprocessing = 0;
		};
/* End PBXResourcesBuildPhase section */

/* Begin PBXSourcesBuildPhase section */
		2FAA9ECE2BAB437500855A47 /* Sources */ = {
			isa = PBXSourcesBuildPhase;
			buildActionMask = 2147483647;
			files = (
				2FAA9EE62BAB62B700855A47 /* LFFeedView.swift in Sources */,
				2FAA9EEE2BAB62FF00855A47 /* LFCurrentUserProfileView.swift in Sources */,
				2FAA9ED82BAB437500855A47 /* ContentView.swift in Sources */,
				2FAA9EEA2BAB62E000855A47 /* LFCreatePostView.swift in Sources */,
				2FAA9EF02BAB646000855A47 /* LFLoginView.swift in Sources */,
				2FABBA942BAFCBA500871176 /* LFRegistrationViewModel.swift in Sources */,
				2FC6C2462BB267C800F05B9C /* UserCell.swift in Sources */,
				2FC6C2422BB23C7600F05B9C /* UserService.swift in Sources */,
				2FABBA9B2BAFCDF500871176 /* User.swift in Sources */,
				2FABBA982BAFCCE500871176 /* AuthService.swift in Sources */,
				2F329DAE2BB11AEA00673233 /* LFLoginViewModel.swift in Sources */,
				2FAA9EF22BAB646E00855A47 /* LFRegistrationView.swift in Sources */,
				2FAA9EE82BAB62CA00855A47 /* LFSearchView.swift in Sources */,
				2FAA9ED62BAB437500855A47 /* LFApp.swift in Sources */,
				2F122ACB2BAE64DC0082A487 /* PostCell.swift in Sources */,
				2FAA9EE42BAB626B00855A47 /* LFTabView.swift in Sources */,
				2FC6C2442BB23EE600F05B9C /* LFCurrentUserProfileViewModel.swift in Sources */,
				2FAA9EEC2BAB62F300855A47 /* LFActivityView.swift in Sources */,
				2F329DAC2BB0F12400673233 /* ContentViewModel.swift in Sources */,
			);
			runOnlyForDeploymentPostprocessing = 0;
		};
/* End PBXSourcesBuildPhase section */

/* Begin XCBuildConfiguration section */
		2FAA9EDE2BAB437600855A47 /* Debug */ = {
			isa = XCBuildConfiguration;
			buildSettings = {
				ALWAYS_SEARCH_USER_PATHS = NO;
				ASSETCATALOG_COMPILER_GENERATE_SWIFT_ASSET_SYMBOL_EXTENSIONS = YES;
				CLANG_ANALYZER_NONNULL = YES;
				CLANG_ANALYZER_NUMBER_OBJECT_CONVERSION = YES_AGGRESSIVE;
				CLANG_CXX_LANGUAGE_STANDARD = "gnu++20";
				CLANG_ENABLE_MODULES = YES;
				CLANG_ENABLE_OBJC_ARC = YES;
				CLANG_ENABLE_OBJC_WEAK = YES;
				CLANG_WARN_BLOCK_CAPTURE_AUTORELEASING = YES;
				CLANG_WARN_BOOL_CONVERSION = YES;
				CLANG_WARN_COMMA = YES;
				CLANG_WARN_CONSTANT_CONVERSION = YES;
				CLANG_WARN_DEPRECATED_OBJC_IMPLEMENTATIONS = YES;
				CLANG_WARN_DIRECT_OBJC_ISA_USAGE = YES_ERROR;
				CLANG_WARN_DOCUMENTATION_COMMENTS = YES;
				CLANG_WARN_EMPTY_BODY = YES;
				CLANG_WARN_ENUM_CONVERSION = YES;
				CLANG_WARN_INFINITE_RECURSION = YES;
				CLANG_WARN_INT_CONVERSION = YES;
				CLANG_WARN_NON_LITERAL_NULL_CONVERSION = YES;
				CLANG_WARN_OBJC_IMPLICIT_RETAIN_SELF = YES;
				CLANG_WARN_OBJC_LITERAL_CONVERSION = YES;
				CLANG_WARN_OBJC_ROOT_CLASS = YES_ERROR;
				CLANG_WARN_QUOTED_INCLUDE_IN_FRAMEWORK_HEADER = YES;
				CLANG_WARN_RANGE_LOOP_ANALYSIS = YES;
				CLANG_WARN_STRICT_PROTOTYPES = YES;
				CLANG_WARN_SUSPICIOUS_MOVE = YES;
				CLANG_WARN_UNGUARDED_AVAILABILITY = YES_AGGRESSIVE;
				CLANG_WARN_UNREACHABLE_CODE = YES;
				CLANG_WARN__DUPLICATE_METHOD_MATCH = YES;
				COPY_PHASE_STRIP = NO;
				DEBUG_INFORMATION_FORMAT = dwarf;
				ENABLE_STRICT_OBJC_MSGSEND = YES;
				ENABLE_TESTABILITY = YES;
				ENABLE_USER_SCRIPT_SANDBOXING = YES;
				GCC_C_LANGUAGE_STANDARD = gnu17;
				GCC_DYNAMIC_NO_PIC = NO;
				GCC_NO_COMMON_BLOCKS = YES;
				GCC_OPTIMIZATION_LEVEL = 0;
				GCC_PREPROCESSOR_DEFINITIONS = (
					"DEBUG=1",
					"$(inherited)",
				);
				GCC_WARN_64_TO_32_BIT_CONVERSION = YES;
				GCC_WARN_ABOUT_RETURN_TYPE = YES_ERROR;
				GCC_WARN_UNDECLARED_SELECTOR = YES;
				GCC_WARN_UNINITIALIZED_AUTOS = YES_AGGRESSIVE;
				GCC_WARN_UNUSED_FUNCTION = YES;
				GCC_WARN_UNUSED_VARIABLE = YES;
				IPHONEOS_DEPLOYMENT_TARGET = 17.2;
				LOCALIZATION_PREFERS_STRING_CATALOGS = YES;
				MTL_ENABLE_DEBUG_INFO = INCLUDE_SOURCE;
				MTL_FAST_MATH = YES;
				ONLY_ACTIVE_ARCH = YES;
				SDKROOT = iphoneos;
				SWIFT_ACTIVE_COMPILATION_CONDITIONS = "DEBUG $(inherited)";
				SWIFT_OPTIMIZATION_LEVEL = "-Onone";
			};
			name = Debug;
		};
		2FAA9EDF2BAB437600855A47 /* Release */ = {
			isa = XCBuildConfiguration;
			buildSettings = {
				ALWAYS_SEARCH_USER_PATHS = NO;
				ASSETCATALOG_COMPILER_GENERATE_SWIFT_ASSET_SYMBOL_EXTENSIONS = YES;
				CLANG_ANALYZER_NONNULL = YES;
				CLANG_ANALYZER_NUMBER_OBJECT_CONVERSION = YES_AGGRESSIVE;
				CLANG_CXX_LANGUAGE_STANDARD = "gnu++20";
				CLANG_ENABLE_MODULES = YES;
				CLANG_ENABLE_OBJC_ARC = YES;
				CLANG_ENABLE_OBJC_WEAK = YES;
				CLANG_WARN_BLOCK_CAPTURE_AUTORELEASING = YES;
				CLANG_WARN_BOOL_CONVERSION = YES;
				CLANG_WARN_COMMA = YES;
				CLANG_WARN_CONSTANT_CONVERSION = YES;
				CLANG_WARN_DEPRECATED_OBJC_IMPLEMENTATIONS = YES;
				CLANG_WARN_DIRECT_OBJC_ISA_USAGE = YES_ERROR;
				CLANG_WARN_DOCUMENTATION_COMMENTS = YES;
				CLANG_WARN_EMPTY_BODY = YES;
				CLANG_WARN_ENUM_CONVERSION = YES;
				CLANG_WARN_INFINITE_RECURSION = YES;
				CLANG_WARN_INT_CONVERSION = YES;
				CLANG_WARN_NON_LITERAL_NULL_CONVERSION = YES;
				CLANG_WARN_OBJC_IMPLICIT_RETAIN_SELF = YES;
				CLANG_WARN_OBJC_LITERAL_CONVERSION = YES;
				CLANG_WARN_OBJC_ROOT_CLASS = YES_ERROR;
				CLANG_WARN_QUOTED_INCLUDE_IN_FRAMEWORK_HEADER = YES;
				CLANG_WARN_RANGE_LOOP_ANALYSIS = YES;
				CLANG_WARN_STRICT_PROTOTYPES = YES;
				CLANG_WARN_SUSPICIOUS_MOVE = YES;
				CLANG_WARN_UNGUARDED_AVAILABILITY = YES_AGGRESSIVE;
				CLANG_WARN_UNREACHABLE_CODE = YES;
				CLANG_WARN__DUPLICATE_METHOD_MATCH = YES;
				COPY_PHASE_STRIP = NO;
				DEBUG_INFORMATION_FORMAT = "dwarf-with-dsym";
				ENABLE_NS_ASSERTIONS = NO;
				ENABLE_STRICT_OBJC_MSGSEND = YES;
				ENABLE_USER_SCRIPT_SANDBOXING = YES;
				GCC_C_LANGUAGE_STANDARD = gnu17;
				GCC_NO_COMMON_BLOCKS = YES;
				GCC_WARN_64_TO_32_BIT_CONVERSION = YES;
				GCC_WARN_ABOUT_RETURN_TYPE = YES_ERROR;
				GCC_WARN_UNDECLARED_SELECTOR = YES;
				GCC_WARN_UNINITIALIZED_AUTOS = YES_AGGRESSIVE;
				GCC_WARN_UNUSED_FUNCTION = YES;
				GCC_WARN_UNUSED_VARIABLE = YES;
				IPHONEOS_DEPLOYMENT_TARGET = 17.2;
				LOCALIZATION_PREFERS_STRING_CATALOGS = YES;
				MTL_ENABLE_DEBUG_INFO = NO;
				MTL_FAST_MATH = YES;
				SDKROOT = iphoneos;
				SWIFT_COMPILATION_MODE = wholemodule;
				VALIDATE_PRODUCT = YES;
			};
			name = Release;
		};
		2FAA9EE12BAB437600855A47 /* Debug */ = {
			isa = XCBuildConfiguration;
			buildSettings = {
				ASSETCATALOG_COMPILER_APPICON_NAME = AppIcon;
				ASSETCATALOG_COMPILER_GLOBAL_ACCENT_COLOR_NAME = AccentColor;
				CODE_SIGN_STYLE = Automatic;
				CURRENT_PROJECT_VERSION = 1;
				DEVELOPMENT_ASSET_PATHS = "\"LF/Preview Content\"";
				DEVELOPMENT_TEAM = F22VW539DG;
				ENABLE_PREVIEWS = YES;
				GENERATE_INFOPLIST_FILE = YES;
				INFOPLIST_KEY_UIApplicationSceneManifest_Generation = YES;
				INFOPLIST_KEY_UIApplicationSupportsIndirectInputEvents = YES;
				INFOPLIST_KEY_UILaunchScreen_Generation = YES;
				INFOPLIST_KEY_UISupportedInterfaceOrientations_iPad = "UIInterfaceOrientationPortrait UIInterfaceOrientationPortraitUpsideDown UIInterfaceOrientationLandscapeLeft UIInterfaceOrientationLandscapeRight";
				INFOPLIST_KEY_UISupportedInterfaceOrientations_iPhone = "UIInterfaceOrientationPortrait UIInterfaceOrientationLandscapeLeft UIInterfaceOrientationLandscapeRight";
				LD_RUNPATH_SEARCH_PATHS = (
					"$(inherited)",
					"@executable_path/Frameworks",
				);
				MARKETING_VERSION = 1.0;
				PRODUCT_BUNDLE_IDENTIFIER = de.Taro.LF;
				PRODUCT_NAME = "$(TARGET_NAME)";
				SWIFT_EMIT_LOC_STRINGS = YES;
				SWIFT_VERSION = 5.0;
				TARGETED_DEVICE_FAMILY = "1,2";
			};
			name = Debug;
		};
		2FAA9EE22BAB437600855A47 /* Release */ = {
			isa = XCBuildConfiguration;
			buildSettings = {
				ASSETCATALOG_COMPILER_APPICON_NAME = AppIcon;
				ASSETCATALOG_COMPILER_GLOBAL_ACCENT_COLOR_NAME = AccentColor;
				CODE_SIGN_STYLE = Automatic;
				CURRENT_PROJECT_VERSION = 1;
				DEVELOPMENT_ASSET_PATHS = "\"LF/Preview Content\"";
				DEVELOPMENT_TEAM = F22VW539DG;
				ENABLE_PREVIEWS = YES;
				GENERATE_INFOPLIST_FILE = YES;
				INFOPLIST_KEY_UIApplicationSceneManifest_Generation = YES;
				INFOPLIST_KEY_UIApplicationSupportsIndirectInputEvents = YES;
				INFOPLIST_KEY_UILaunchScreen_Generation = YES;
				INFOPLIST_KEY_UISupportedInterfaceOrientations_iPad = "UIInterfaceOrientationPortrait UIInterfaceOrientationPortraitUpsideDown UIInterfaceOrientationLandscapeLeft UIInterfaceOrientationLandscapeRight";
				INFOPLIST_KEY_UISupportedInterfaceOrientations_iPhone = "UIInterfaceOrientationPortrait UIInterfaceOrientationLandscapeLeft UIInterfaceOrientationLandscapeRight";
				LD_RUNPATH_SEARCH_PATHS = (
					"$(inherited)",
					"@executable_path/Frameworks",
				);
				MARKETING_VERSION = 1.0;
				PRODUCT_BUNDLE_IDENTIFIER = de.Taro.LF;
				PRODUCT_NAME = "$(TARGET_NAME)";
				SWIFT_EMIT_LOC_STRINGS = YES;
				SWIFT_VERSION = 5.0;
				TARGETED_DEVICE_FAMILY = "1,2";
			};
			name = Release;
		};
/* End XCBuildConfiguration section */

/* Begin XCConfigurationList section */
		2FAA9ECD2BAB437500855A47 /* Build configuration list for PBXProject "LF_App" */ = {
			isa = XCConfigurationList;
			buildConfigurations = (
				2FAA9EDE2BAB437600855A47 /* Debug */,
				2FAA9EDF2BAB437600855A47 /* Release */,
			);
			defaultConfigurationIsVisible = 0;
			defaultConfigurationName = Release;
		};
		2FAA9EE02BAB437600855A47 /* Build configuration list for PBXNativeTarget "LF_App" */ = {
			isa = XCConfigurationList;
			buildConfigurations = (
				2FAA9EE12BAB437600855A47 /* Debug */,
				2FAA9EE22BAB437600855A47 /* Release */,
			);
			defaultConfigurationIsVisible = 0;
			defaultConfigurationName = Release;
		};
/* End XCConfigurationList section */

/* Begin XCRemoteSwiftPackageReference section */
		2FABBA8A2BAFC6F500871176 /* XCRemoteSwiftPackageReference "firebase-ios-sdk" */ = {
			isa = XCRemoteSwiftPackageReference;
			repositoryURL = "https://github.com/firebase/firebase-ios-sdk";
			requirement = {
				kind = upToNextMajorVersion;
				minimumVersion = 10.23.0;
			};
		};
/* End XCRemoteSwiftPackageReference section */

/* Begin XCSwiftPackageProductDependency section */
		2FABBA8B2BAFC6F500871176 /* FirebaseAuth */ = {
			isa = XCSwiftPackageProductDependency;
			package = 2FABBA8A2BAFC6F500871176 /* XCRemoteSwiftPackageReference "firebase-ios-sdk" */;
			productName = FirebaseAuth;
		};
		2FABBA8D2BAFC6F500871176 /* FirebaseFirestore */ = {
			isa = XCSwiftPackageProductDependency;
			package = 2FABBA8A2BAFC6F500871176 /* XCRemoteSwiftPackageReference "firebase-ios-sdk" */;
			productName = FirebaseFirestore;
		};
		2FABBA8F2BAFC6F500871176 /* FirebaseFirestoreSwift */ = {
			isa = XCSwiftPackageProductDependency;
			package = 2FABBA8A2BAFC6F500871176 /* XCRemoteSwiftPackageReference "firebase-ios-sdk" */;
			productName = FirebaseFirestoreSwift;
		};
		2FABBA912BAFC6F500871176 /* FirebaseStorage */ = {
			isa = XCSwiftPackageProductDependency;
			package = 2FABBA8A2BAFC6F500871176 /* XCRemoteSwiftPackageReference "firebase-ios-sdk" */;
			productName = FirebaseStorage;
		};
/* End XCSwiftPackageProductDependency section */
	};
	rootObject = 2FAA9ECA2BAB437500855A47 /* Project object */;
}
